// !$*UTF8*$!
{
	archiveVersion = 1;
	classes = {
	};
	objectVersion = 77;
	objects = {

/* Begin PBXBuildFile section */
		2B48F38F2F12A0E600F26A7B /* SmartSpectraSwiftSDK in Frameworks */ = {isa = PBXBuildFile; productRef = 2B48F38E2F12A0E600F26A7B /* SmartSpectraSwiftSDK */; };
/* End PBXBuildFile section */

/* Begin PBXContainerItemProxy section */
		2B48F3712F129F7300F26A7B /* PBXContainerItemProxy */ = {
			isa = PBXContainerItemProxy;
			containerPortal = 2B48F3582F129F7100F26A7B /* Project object */;
			proxyType = 1;
			remoteGlobalIDString = 2B48F35F2F129F7100F26A7B;
			remoteInfo = presage_test;
		};
		2B48F37B2F129F7300F26A7B /* PBXContainerItemProxy */ = {
			isa = PBXContainerItemProxy;
			containerPortal = 2B48F3582F129F7100F26A7B /* Project object */;
			proxyType = 1;
			remoteGlobalIDString = 2B48F35F2F129F7100F26A7B;
			remoteInfo = presage_test;
		};
/* End PBXContainerItemProxy section */

/* Begin PBXFileReference section */
		2B48F3602F129F7100F26A7B /* presage_test.app */ = {isa = PBXFileReference; explicitFileType = wrapper.application; includeInIndex = 0; path = presage_test.app; sourceTree = BUILT_PRODUCTS_DIR; };
		2B48F3702F129F7300F26A7B /* presage_testTests.xctest */ = {isa = PBXFileReference; explicitFileType = wrapper.cfbundle; includeInIndex = 0; path = presage_testTests.xctest; sourceTree = BUILT_PRODUCTS_DIR; };
		2B48F37A2F129F7300F26A7B /* presage_testUITests.xctest */ = {isa = PBXFileReference; explicitFileType = wrapper.cfbundle; includeInIndex = 0; path = presage_testUITests.xctest; sourceTree = BUILT_PRODUCTS_DIR; };
/* End PBXFileReference section */

/* Begin PBXFileSystemSynchronizedRootGroup section */
		2B48F3622F129F7100F26A7B /* presage_test */ = {
			isa = PBXFileSystemSynchronizedRootGroup;
			path = presage_test;
			sourceTree = "<group>";
		};
		2B48F3732F129F7300F26A7B /* presage_testTests */ = {
			isa = PBXFileSystemSynchronizedRootGroup;
			path = presage_testTests;
			sourceTree = "<group>";
		};
		2B48F37D2F129F7300F26A7B /* presage_testUITests */ = {
			isa = PBXFileSystemSynchronizedRootGroup;
			path = presage_testUITests;
			sourceTree = "<group>";
		};
/* End PBXFileSystemSynchronizedRootGroup section */

/* Begin PBXFrameworksBuildPhase section */
		2B48F35D2F129F7100F26A7B /* Frameworks */ = {
			isa = PBXFrameworksBuildPhase;
			buildActionMask = 2147483647;
			files = (
				2B48F38F2F12A0E600F26A7B /* SmartSpectraSwiftSDK in Frameworks */,
			);
			runOnlyForDeploymentPostprocessing = 0;
		};
		2B48F36D2F129F7300F26A7B /* Frameworks */ = {
			isa = PBXFrameworksBuildPhase;
			buildActionMask = 2147483647;
			files = (
			);
			runOnlyForDeploymentPostprocessing = 0;
		};
		2B48F3772F129F7300F26A7B /* Frameworks */ = {
			isa = PBXFrameworksBuildPhase;
			buildActionMask = 2147483647;
			files = (
			);
			runOnlyForDeploymentPostprocessing = 0;
		};
/* End PBXFrameworksBuildPhase section */

/* Begin PBXGroup section */
		2B48F3572F129F7100F26A7B = {
			isa = PBXGroup;
			children = (
				2B48F3622F129F7100F26A7B /* presage_test */,
				2B48F3732F129F7300F26A7B /* presage_testTests */,
				2B48F37D2F129F7300F26A7B /* presage_testUITests */,
				2B48F3612F129F7100F26A7B /* Products */,
			);
			sourceTree = "<group>";
		};
		2B48F3612F129F7100F26A7B /* Products */ = {
			isa = PBXGroup;
			children = (
				2B48F3602F129F7100F26A7B /* presage_test.app */,
				2B48F3702F129F7300F26A7B /* presage_testTests.xctest */,
				2B48F37A2F129F7300F26A7B /* presage_testUITests.xctest */,
			);
			name = Products;
			sourceTree = "<group>";
		};
/* End PBXGroup section */

/* Begin PBXNativeTarget section */
		2B48F35F2F129F7100F26A7B /* presage_test */ = {
			isa = PBXNativeTarget;
			buildConfigurationList = 2B48F3842F129F7300F26A7B /* Build configuration list for PBXNativeTarget "presage_test" */;
			buildPhases = (
				2B48F35C2F129F7100F26A7B /* Sources */,
				2B48F35D2F129F7100F26A7B /* Frameworks */,
				2B48F35E2F129F7100F26A7B /* Resources */,
			);
			buildRules = (
			);
			dependencies = (
			);
			fileSystemSynchronizedGroups = (
				2B48F3622F129F7100F26A7B /* presage_test */,
			);
			name = presage_test;
			packageProductDependencies = (
				2B48F38E2F12A0E600F26A7B /* SmartSpectraSwiftSDK */,
			);
			productName = presage_test;
			productReference = 2B48F3602F129F7100F26A7B /* presage_test.app */;
			productType = "com.apple.product-type.application";
		};
		2B48F36F2F129F7300F26A7B /* presage_testTests */ = {
			isa = PBXNativeTarget;
			buildConfigurationList = 2B48F3872F129F7300F26A7B /* Build configuration list for PBXNativeTarget "presage_testTests" */;
			buildPhases = (
				2B48F36C2F129F7300F26A7B /* Sources */,
				2B48F36D2F129F7300F26A7B /* Frameworks */,
				2B48F36E2F129F7300F26A7B /* Resources */,
			);
			buildRules = (
			);
			dependencies = (
				2B48F3722F129F7300F26A7B /* PBXTargetDependency */,
			);
			fileSystemSynchronizedGroups = (
				2B48F3732F129F7300F26A7B /* presage_testTests */,
			);
			name = presage_testTests;
			packageProductDependencies = (
			);
			productName = presage_testTests;
			productReference = 2B48F3702F129F7300F26A7B /* presage_testTests.xctest */;
			productType = "com.apple.product-type.bundle.unit-test";
		};
		2B48F3792F129F7300F26A7B /* presage_testUITests */ = {
			isa = PBXNativeTarget;
			buildConfigurationList = 2B48F38A2F129F7300F26A7B /* Build configuration list for PBXNativeTarget "presage_testUITests" */;
			buildPhases = (
				2B48F3762F129F7300F26A7B /* Sources */,
				2B48F3772F129F7300F26A7B /* Frameworks */,
				2B48F3782F129F7300F26A7B /* Resources */,
			);
			buildRules = (
			);
			dependencies = (
				2B48F37C2F129F7300F26A7B /* PBXTargetDependency */,
			);
			fileSystemSynchronizedGroups = (
				2B48F37D2F129F7300F26A7B /* presage_testUITests */,
			);
			name = presage_testUITests;
			packageProductDependencies = (
			);
			productName = presage_testUITests;
			productReference = 2B48F37A2F129F7300F26A7B /* presage_testUITests.xctest */;
			productType = "com.apple.product-type.bundle.ui-testing";
		};
/* End PBXNativeTarget section */

/* Begin PBXProject section */
		2B48F3582F129F7100F26A7B /* Project object */ = {
			isa = PBXProject;
			attributes = {
				BuildIndependentTargetsInParallel = 1;
				LastSwiftUpdateCheck = 1620;
				LastUpgradeCheck = 1620;
				TargetAttributes = {
					2B48F35F2F129F7100F26A7B = {
						CreatedOnToolsVersion = 16.2;
					};
					2B48F36F2F129F7300F26A7B = {
						CreatedOnToolsVersion = 16.2;
						TestTargetID = 2B48F35F2F129F7100F26A7B;
					};
					2B48F3792F129F7300F26A7B = {
						CreatedOnToolsVersion = 16.2;
						TestTargetID = 2B48F35F2F129F7100F26A7B;
					};
				};
			};
			buildConfigurationList = 2B48F35B2F129F7100F26A7B /* Build configuration list for PBXProject "presage_test" */;
			developmentRegion = en;
			hasScannedForEncodings = 0;
			knownRegions = (
				en,
				Base,
			);
			mainGroup = 2B48F3572F129F7100F26A7B;
			minimizedProjectReferenceProxies = 1;
			packageReferences = (
				2B48F38D2F12A0E600F26A7B /* XCRemoteSwiftPackageReference "SmartSpectra" */,
			);
			preferredProjectObjectVersion = 77;
			productRefGroup = 2B48F3612F129F7100F26A7B /* Products */;
			projectDirPath = "";
			projectRoot = "";
			targets = (
				2B48F35F2F129F7100F26A7B /* presage_test */,
				2B48F36F2F129F7300F26A7B /* presage_testTests */,
				2B48F3792F129F7300F26A7B /* presage_testUITests */,
			);
		};
/* End PBXProject section */

/* Begin PBXResourcesBuildPhase section */
		2B48F35E2F129F7100F26A7B /* Resources */ = {
			isa = PBXResourcesBuildPhase;
			buildActionMask = 2147483647;
			files = (
			);
			runOnlyForDeploymentPostprocessing = 0;
		};
		2B48F36E2F129F7300F26A7B /* Resources */ = {
			isa = PBXResourcesBuildPhase;
			buildActionMask = 2147483647;
			files = (
			);
			runOnlyForDeploymentPostprocessing = 0;
		};
		2B48F3782F129F7300F26A7B /* Resources */ = {
			isa = PBXResourcesBuildPhase;
			buildActionMask = 2147483647;
			files = (
			);
			runOnlyForDeploymentPostprocessing = 0;
		};
/* End PBXResourcesBuildPhase section */

/* Begin PBXSourcesBuildPhase section */
		2B48F35C2F129F7100F26A7B /* Sources */ = {
			isa = PBXSourcesBuildPhase;
			buildActionMask = 2147483647;
			files = (
			);
			runOnlyForDeploymentPostprocessing = 0;
		};
		2B48F36C2F129F7300F26A7B /* Sources */ = {
			isa = PBXSourcesBuildPhase;
			buildActionMask = 2147483647;
			files = (
			);
			runOnlyForDeploymentPostprocessing = 0;
		};
		2B48F3762F129F7300F26A7B /* Sources */ = {
			isa = PBXSourcesBuildPhase;
			buildActionMask = 2147483647;
			files = (
			);
			runOnlyForDeploymentPostprocessing = 0;
		};
/* End PBXSourcesBuildPhase section */

/* Begin PBXTargetDependency section */
		2B48F3722F129F7300F26A7B /* PBXTargetDependency */ = {
			isa = PBXTargetDependency;
			target = 2B48F35F2F129F7100F26A7B /* presage_test */;
			targetProxy = 2B48F3712F129F7300F26A7B /* PBXContainerItemProxy */;
		};
		2B48F37C2F129F7300F26A7B /* PBXTargetDependency */ = {
			isa = PBXTargetDependency;
			target = 2B48F35F2F129F7100F26A7B /* presage_test */;
			targetProxy = 2B48F37B2F129F7300F26A7B /* PBXContainerItemProxy */;
		};
/* End PBXTargetDependency section */

/* Begin XCBuildConfiguration section */
		2B48F3822F129F7300F26A7B /* Debug */ = {
			isa = XCBuildConfiguration;
			buildSettings = {
				ALWAYS_SEARCH_USER_PATHS = NO;
				ASSETCATALOG_COMPILER_GENERATE_SWIFT_ASSET_SYMBOL_EXTENSIONS = YES;
				CLANG_ANALYZER_NONNULL = YES;
				CLANG_ANALYZER_NUMBER_OBJECT_CONVERSION = YES_AGGRESSIVE;
				CLANG_CXX_LANGUAGE_STANDARD = "gnu++20";
				CLANG_ENABLE_MODULES = YES;
				CLANG_ENABLE_OBJC_ARC = YES;
				CLANG_ENABLE_OBJC_WEAK = YES;
				CLANG_WARN_BLOCK_CAPTURE_AUTORELEASING = YES;
				CLANG_WARN_BOOL_CONVERSION = YES;
				CLANG_WARN_COMMA = YES;
				CLANG_WARN_CONSTANT_CONVERSION = YES;
				CLANG_WARN_DEPRECATED_OBJC_IMPLEMENTATIONS = YES;
				CLANG_WARN_DIRECT_OBJC_ISA_USAGE = YES_ERROR;
				CLANG_WARN_DOCUMENTATION_COMMENTS = YES;
				CLANG_WARN_EMPTY_BODY = YES;
				CLANG_WARN_ENUM_CONVERSION = YES;
				CLANG_WARN_INFINITE_RECURSION = YES;
				CLANG_WARN_INT_CONVERSION = YES;
				CLANG_WARN_NON_LITERAL_NULL_CONVERSION = YES;
				CLANG_WARN_OBJC_IMPLICIT_RETAIN_SELF = YES;
				CLANG_WARN_OBJC_LITERAL_CONVERSION = YES;
				CLANG_WARN_OBJC_ROOT_CLASS = YES_ERROR;
				CLANG_WARN_QUOTED_INCLUDE_IN_FRAMEWORK_HEADER = YES;
				CLANG_WARN_RANGE_LOOP_ANALYSIS = YES;
				CLANG_WARN_STRICT_PROTOTYPES = YES;
				CLANG_WARN_SUSPICIOUS_MOVE = YES;
				CLANG_WARN_UNGUARDED_AVAILABILITY = YES_AGGRESSIVE;
				CLANG_WARN_UNREACHABLE_CODE = YES;
				CLANG_WARN__DUPLICATE_METHOD_MATCH = YES;
				COPY_PHASE_STRIP = NO;
				DEBUG_INFORMATION_FORMAT = dwarf;
				ENABLE_STRICT_OBJC_MSGSEND = YES;
				ENABLE_TESTABILITY = YES;
				ENABLE_USER_SCRIPT_SANDBOXING = YES;
				GCC_C_LANGUAGE_STANDARD = gnu17;
				GCC_DYNAMIC_NO_PIC = NO;
				GCC_NO_COMMON_BLOCKS = YES;
				GCC_OPTIMIZATION_LEVEL = 0;
				GCC_PREPROCESSOR_DEFINITIONS = (
					"DEBUG=1",
					"$(inherited)",
				);
				GCC_WARN_64_TO_32_BIT_CONVERSION = YES;
				GCC_WARN_ABOUT_RETURN_TYPE = YES_ERROR;
				GCC_WARN_UNDECLARED_SELECTOR = YES;
				GCC_WARN_UNINITIALIZED_AUTOS = YES_AGGRESSIVE;
				GCC_WARN_UNUSED_FUNCTION = YES;
				GCC_WARN_UNUSED_VARIABLE = YES;
				IPHONEOS_DEPLOYMENT_TARGET = 18.2;
				LOCALIZATION_PREFERS_STRING_CATALOGS = YES;
				MTL_ENABLE_DEBUG_INFO = INCLUDE_SOURCE;
				MTL_FAST_MATH = YES;
				ONLY_ACTIVE_ARCH = YES;
				SDKROOT = iphoneos;
				SWIFT_ACTIVE_COMPILATION_CONDITIONS = "DEBUG $(inherited)";
				SWIFT_OPTIMIZATION_LEVEL = "-Onone";
			};
			name = Debug;
		};
		2B48F3832F129F7300F26A7B /* Release */ = {
			isa = XCBuildConfiguration;
			buildSettings = {
				ALWAYS_SEARCH_USER_PATHS = NO;
				ASSETCATALOG_COMPILER_GENERATE_SWIFT_ASSET_SYMBOL_EXTENSIONS = YES;
				CLANG_ANALYZER_NONNULL = YES;
				CLANG_ANALYZER_NUMBER_OBJECT_CONVERSION = YES_AGGRESSIVE;
				CLANG_CXX_LANGUAGE_STANDARD = "gnu++20";
				CLANG_ENABLE_MODULES = YES;
				CLANG_ENABLE_OBJC_ARC = YES;
				CLANG_ENABLE_OBJC_WEAK = YES;
				CLANG_WARN_BLOCK_CAPTURE_AUTORELEASING = YES;
				CLANG_WARN_BOOL_CONVERSION = YES;
				CLANG_WARN_COMMA = YES;
				CLANG_WARN_CONSTANT_CONVERSION = YES;
				CLANG_WARN_DEPRECATED_OBJC_IMPLEMENTATIONS = YES;
				CLANG_WARN_DIRECT_OBJC_ISA_USAGE = YES_ERROR;
				CLANG_WARN_DOCUMENTATION_COMMENTS = YES;
				CLANG_WARN_EMPTY_BODY = YES;
				CLANG_WARN_ENUM_CONVERSION = YES;
				CLANG_WARN_INFINITE_RECURSION = YES;
				CLANG_WARN_INT_CONVERSION = YES;
				CLANG_WARN_NON_LITERAL_NULL_CONVERSION = YES;
				CLANG_WARN_OBJC_IMPLICIT_RETAIN_SELF = YES;
				CLANG_WARN_OBJC_LITERAL_CONVERSION = YES;
				CLANG_WARN_OBJC_ROOT_CLASS = YES_ERROR;
				CLANG_WARN_QUOTED_INCLUDE_IN_FRAMEWORK_HEADER = YES;
				CLANG_WARN_RANGE_LOOP_ANALYSIS = YES;
				CLANG_WARN_STRICT_PROTOTYPES = YES;
				CLANG_WARN_SUSPICIOUS_MOVE = YES;
				CLANG_WARN_UNGUARDED_AVAILABILITY = YES_AGGRESSIVE;
				CLANG_WARN_UNREACHABLE_CODE = YES;
				CLANG_WARN__DUPLICATE_METHOD_MATCH = YES;
				COPY_PHASE_STRIP = NO;
				DEBUG_INFORMATION_FORMAT = "dwarf-with-dsym";
				ENABLE_NS_ASSERTIONS = NO;
				ENABLE_STRICT_OBJC_MSGSEND = YES;
				ENABLE_USER_SCRIPT_SANDBOXING = YES;
				GCC_C_LANGUAGE_STANDARD = gnu17;
				GCC_NO_COMMON_BLOCKS = YES;
				GCC_WARN_64_TO_32_BIT_CONVERSION = YES;
				GCC_WARN_ABOUT_RETURN_TYPE = YES_ERROR;
				GCC_WARN_UNDECLARED_SELECTOR = YES;
				GCC_WARN_UNINITIALIZED_AUTOS = YES_AGGRESSIVE;
				GCC_WARN_UNUSED_FUNCTION = YES;
				GCC_WARN_UNUSED_VARIABLE = YES;
				IPHONEOS_DEPLOYMENT_TARGET = 18.2;
				LOCALIZATION_PREFERS_STRING_CATALOGS = YES;
				MTL_ENABLE_DEBUG_INFO = NO;
				MTL_FAST_MATH = YES;
				SDKROOT = iphoneos;
				SWIFT_COMPILATION_MODE = wholemodule;
				VALIDATE_PRODUCT = YES;
			};
			name = Release;
		};
		2B48F3852F129F7300F26A7B /* Debug */ = {
			isa = XCBuildConfiguration;
			buildSettings = {
				ASSETCATALOG_COMPILER_APPICON_NAME = AppIcon;
				ASSETCATALOG_COMPILER_GLOBAL_ACCENT_COLOR_NAME = AccentColor;
				CODE_SIGN_STYLE = Automatic;
				CURRENT_PROJECT_VERSION = 1;
				DEVELOPMENT_ASSET_PATHS = "\"presage_test/Preview Content\"";
				DEVELOPMENT_TEAM = 978BDS2R5M;
				ENABLE_PREVIEWS = YES;
				GENERATE_INFOPLIST_FILE = YES;
				INFOPLIST_FILE = "presage-test-Info.plist";
				INFOPLIST_KEY_NSCameraUsageDescription = "This app needs camera access to measure vitals with SmartSpectra.";
				INFOPLIST_KEY_UIApplicationSceneManifest_Generation = YES;
				INFOPLIST_KEY_UIApplicationSupportsIndirectInputEvents = YES;
				INFOPLIST_KEY_UILaunchScreen_Generation = YES;
				INFOPLIST_KEY_UISupportedInterfaceOrientations_iPad = "UIInterfaceOrientationPortrait UIInterfaceOrientationPortraitUpsideDown UIInterfaceOrientationLandscapeLeft UIInterfaceOrientationLandscapeRight";
				INFOPLIST_KEY_UISupportedInterfaceOrientations_iPhone = "UIInterfaceOrientationPortrait UIInterfaceOrientationLandscapeLeft UIInterfaceOrientationLandscapeRight";
				LD_RUNPATH_SEARCH_PATHS = (
					"$(inherited)",
					"@executable_path/Frameworks",
				);
				MARKETING_VERSION = 1.0;
				PRODUCT_BUNDLE_IDENTIFIER = "karl-code-test-swift";
				PRODUCT_NAME = "$(TARGET_NAME)";
				SWIFT_EMIT_LOC_STRINGS = YES;
				SWIFT_VERSION = 5.0;
				TARGETED_DEVICE_FAMILY = "1,2";
			};
			name = Debug;
		};
		2B48F3862F129F7300F26A7B /* Release */ = {
			isa = XCBuildConfiguration;
			buildSettings = {
				ASSETCATALOG_COMPILER_APPICON_NAME = AppIcon;
				ASSETCATALOG_COMPILER_GLOBAL_ACCENT_COLOR_NAME = AccentColor;
				CODE_SIGN_STYLE = Automatic;
				CURRENT_PROJECT_VERSION = 1;
				DEVELOPMENT_ASSET_PATHS = "\"presage_test/Preview Content\"";
				DEVELOPMENT_TEAM = 978BDS2R5M;
				ENABLE_PREVIEWS = YES;
				GENERATE_INFOPLIST_FILE = YES;
				INFOPLIST_FILE = "presage-test-Info.plist";
				INFOPLIST_KEY_NSCameraUsageDescription = "This app needs camera access to measure vitals with SmartSpectra.";
				INFOPLIST_KEY_UIApplicationSceneManifest_Generation = YES;
				INFOPLIST_KEY_UIApplicationSupportsIndirectInputEvents = YES;
				INFOPLIST_KEY_UILaunchScreen_Generation = YES;
				INFOPLIST_KEY_UISupportedInterfaceOrientations_iPad = "UIInterfaceOrientationPortrait UIInterfaceOrientationPortraitUpsideDown UIInterfaceOrientationLandscapeLeft UIInterfaceOrientationLandscapeRight";
				INFOPLIST_KEY_UISupportedInterfaceOrientations_iPhone = "UIInterfaceOrientationPortrait UIInterfaceOrientationLandscapeLeft UIInterfaceOrientationLandscapeRight";
				LD_RUNPATH_SEARCH_PATHS = (
					"$(inherited)",
					"@executable_path/Frameworks",
				);
				MARKETING_VERSION = 1.0;
				PRODUCT_BUNDLE_IDENTIFIER = "karl-code-test-swift";
				PRODUCT_NAME = "$(TARGET_NAME)";
				SWIFT_EMIT_LOC_STRINGS = YES;
				SWIFT_VERSION = 5.0;
				TARGETED_DEVICE_FAMILY = "1,2";
			};
			name = Release;
		};
		2B48F3882F129F7300F26A7B /* Debug */ = {
			isa = XCBuildConfiguration;
			buildSettings = {
				BUNDLE_LOADER = "$(TEST_HOST)";
				CODE_SIGN_STYLE = Automatic;
				CURRENT_PROJECT_VERSION = 1;
				GENERATE_INFOPLIST_FILE = YES;
				IPHONEOS_DEPLOYMENT_TARGET = 18.2;
				MARKETING_VERSION = 1.0;
				PRODUCT_BUNDLE_IDENTIFIER = "karl.presage-testTests";
				PRODUCT_NAME = "$(TARGET_NAME)";
				SWIFT_EMIT_LOC_STRINGS = NO;
				SWIFT_VERSION = 5.0;
				TARGETED_DEVICE_FAMILY = "1,2";
				TEST_HOST = "$(BUILT_PRODUCTS_DIR)/presage_test.app/$(BUNDLE_EXECUTABLE_FOLDER_PATH)/presage_test";
			};
			name = Debug;
		};
		2B48F3892F129F7300F26A7B /* Release */ = {
			isa = XCBuildConfiguration;
			buildSettings = {
				BUNDLE_LOADER = "$(TEST_HOST)";
				CODE_SIGN_STYLE = Automatic;
				CURRENT_PROJECT_VERSION = 1;
				GENERATE_INFOPLIST_FILE = YES;
				IPHONEOS_DEPLOYMENT_TARGET = 18.2;
				MARKETING_VERSION = 1.0;
				PRODUCT_BUNDLE_IDENTIFIER = "karl.presage-testTests";
				PRODUCT_NAME = "$(TARGET_NAME)";
				SWIFT_EMIT_LOC_STRINGS = NO;
				SWIFT_VERSION = 5.0;
				TARGETED_DEVICE_FAMILY = "1,2";
				TEST_HOST = "$(BUILT_PRODUCTS_DIR)/presage_test.app/$(BUNDLE_EXECUTABLE_FOLDER_PATH)/presage_test";
			};
			name = Release;
		};
		2B48F38B2F129F7300F26A7B /* Debug */ = {
			isa = XCBuildConfiguration;
			buildSettings = {
				CODE_SIGN_STYLE = Automatic;
				CURRENT_PROJECT_VERSION = 1;
				GENERATE_INFOPLIST_FILE = YES;
				MARKETING_VERSION = 1.0;
				PRODUCT_BUNDLE_IDENTIFIER = "karl.presage-testUITests";
				PRODUCT_NAME = "$(TARGET_NAME)";
				SWIFT_EMIT_LOC_STRINGS = NO;
				SWIFT_VERSION = 5.0;
				TARGETED_DEVICE_FAMILY = "1,2";
				TEST_TARGET_NAME = presage_test;
			};
			name = Debug;
		};
		2B48F38C2F129F7300F26A7B /* Release */ = {
			isa = XCBuildConfiguration;
			buildSettings = {
				CODE_SIGN_STYLE = Automatic;
				CURRENT_PROJECT_VERSION = 1;
				GENERATE_INFOPLIST_FILE = YES;
				MARKETING_VERSION = 1.0;
				PRODUCT_BUNDLE_IDENTIFIER = "karl.presage-testUITests";
				PRODUCT_NAME = "$(TARGET_NAME)";
				SWIFT_EMIT_LOC_STRINGS = NO;
				SWIFT_VERSION = 5.0;
				TARGETED_DEVICE_FAMILY = "1,2";
				TEST_TARGET_NAME = presage_test;
			};
			name = Release;
		};
/* End XCBuildConfiguration section */

/* Begin XCConfigurationList section */
		2B48F35B2F129F7100F26A7B /* Build configuration list for PBXProject "presage_test" */ = {
			isa = XCConfigurationList;
			buildConfigurations = (
				2B48F3822F129F7300F26A7B /* Debug */,
				2B48F3832F129F7300F26A7B /* Release */,
			);
			defaultConfigurationIsVisible = 0;
			defaultConfigurationName = Release;
		};
		2B48F3842F129F7300F26A7B /* Build configuration list for PBXNativeTarget "presage_test" */ = {
			isa = XCConfigurationList;
			buildConfigurations = (
				2B48F3852F129F7300F26A7B /* Debug */,
				2B48F3862F129F7300F26A7B /* Release */,
			);
			defaultConfigurationIsVisible = 0;
			defaultConfigurationName = Release;
		};
		2B48F3872F129F7300F26A7B /* Build configuration list for PBXNativeTarget "presage_testTests" */ = {
			isa = XCConfigurationList;
			buildConfigurations = (
				2B48F3882F129F7300F26A7B /* Debug */,
				2B48F3892F129F7300F26A7B /* Release */,
			);
			defaultConfigurationIsVisible = 0;
			defaultConfigurationName = Release;
		};
		2B48F38A2F129F7300F26A7B /* Build configuration list for PBXNativeTarget "presage_testUITests" */ = {
			isa = XCConfigurationList;
			buildConfigurations = (
				2B48F38B2F129F7300F26A7B /* Debug */,
				2B48F38C2F129F7300F26A7B /* Release */,
			);
			defaultConfigurationIsVisible = 0;
			defaultConfigurationName = Release;
		};
/* End XCConfigurationList section */

/* Begin XCRemoteSwiftPackageReference section */
		2B48F38D2F12A0E600F26A7B /* XCRemoteSwiftPackageReference "SmartSpectra" */ = {
			isa = XCRemoteSwiftPackageReference;
			repositoryURL = "https://github.com/Presage-Security/SmartSpectra";
			requirement = {
				branch = main;
				kind = branch;
			};
		};
/* End XCRemoteSwiftPackageReference section */

/* Begin XCSwiftPackageProductDependency section */
		2B48F38E2F12A0E600F26A7B /* SmartSpectraSwiftSDK */ = {
			isa = XCSwiftPackageProductDependency;
			package = 2B48F38D2F12A0E600F26A7B /* XCRemoteSwiftPackageReference "SmartSpectra" */;
			productName = SmartSpectraSwiftSDK;
		};
/* End XCSwiftPackageProductDependency section */
	};
	rootObject = 2B48F3582F129F7100F26A7B /* Project object */;
}
